// !$*UTF8*$!
{
	archiveVersion = 1;
	classes = {
	};
	objectVersion = 50;
	objects = {

/* Begin PBXBuildFile section */
		150547F7223E7CAF005851FC /* ARScanViewController.swift in Sources */ = {isa = PBXBuildFile; fileRef = 150547F6223E7CAF005851FC /* ARScanViewController.swift */; };
		152B27E2227EFD74008C9609 /* FindGameViewController.swift in Sources */ = {isa = PBXBuildFile; fileRef = 152B27E1227EFD74008C9609 /* FindGameViewController.swift */; };
		152B27E4227EFD80008C9609 /* CatchGameViewController.swift in Sources */ = {isa = PBXBuildFile; fileRef = 152B27E3227EFD80008C9609 /* CatchGameViewController.swift */; };
		1552BC14223E316A00D343ED /* AppDelegate.swift in Sources */ = {isa = PBXBuildFile; fileRef = 1552BC13223E316A00D343ED /* AppDelegate.swift */; };
		1552BC16223E316A00D343ED /* art.scnassets in Resources */ = {isa = PBXBuildFile; fileRef = 1552BC15223E316A00D343ED /* art.scnassets */; };
		1552BC18223E316A00D343ED /* ViewController.swift in Sources */ = {isa = PBXBuildFile; fileRef = 1552BC17223E316A00D343ED /* ViewController.swift */; };
		1552BC1B223E316A00D343ED /* Main.storyboard in Resources */ = {isa = PBXBuildFile; fileRef = 1552BC19223E316A00D343ED /* Main.storyboard */; };
		1552BC1D223E316B00D343ED /* Assets.xcassets in Resources */ = {isa = PBXBuildFile; fileRef = 1552BC1C223E316B00D343ED /* Assets.xcassets */; };
		1552BC20223E316B00D343ED /* LaunchScreen.storyboard in Resources */ = {isa = PBXBuildFile; fileRef = 1552BC1E223E316B00D343ED /* LaunchScreen.storyboard */; };
		1552BC28223E31A300D343ED /* MainViewController.swift in Sources */ = {isa = PBXBuildFile; fileRef = 1552BC27223E31A300D343ED /* MainViewController.swift */; };
		1552BC2B223E33B300D343ED /* StudyViewController.swift in Sources */ = {isa = PBXBuildFile; fileRef = 1552BC2A223E33B300D343ED /* StudyViewController.swift */; };
		1552BC2D223E33C200D343ED /* PlayViewController.swift in Sources */ = {isa = PBXBuildFile; fileRef = 1552BC2C223E33C200D343ED /* PlayViewController.swift */; };
		1552BC2F223E33D500D343ED /* DecoViewController.swift in Sources */ = {isa = PBXBuildFile; fileRef = 1552BC2E223E33D500D343ED /* DecoViewController.swift */; };
		1552BC31223E33E100D343ED /* DictViewController.swift in Sources */ = {isa = PBXBuildFile; fileRef = 1552BC30223E33E100D343ED /* DictViewController.swift */; };
		1552BC33223E37ED00D343ED /* WordCardViewController.swift in Sources */ = {isa = PBXBuildFile; fileRef = 1552BC32223E37ED00D343ED /* WordCardViewController.swift */; };
		1552BC39223E385C00D343ED /* Extension.swift in Sources */ = {isa = PBXBuildFile; fileRef = 1552BC38223E385C00D343ED /* Extension.swift */; };
		1552BC3B223E39C200D343ED /* WordCardCollectionViewCell.swift in Sources */ = {isa = PBXBuildFile; fileRef = 1552BC3A223E39C200D343ED /* WordCardCollectionViewCell.swift */; };
		1552BC49223E647D00D343ED /* Word.swift in Sources */ = {isa = PBXBuildFile; fileRef = 1552BC48223E647D00D343ED /* Word.swift */; };
		158E4BF022912B4900E7FCCC /* KakaoCommon.framework in Frameworks */ = {isa = PBXBuildFile; fileRef = 158E4BEF22912B4900E7FCCC /* KakaoCommon.framework */; };
		158E4BF22291343100E7FCCC /* KakaoNewtoneSpeech.framework in Frameworks */ = {isa = PBXBuildFile; fileRef = 158E4BF12291343100E7FCCC /* KakaoNewtoneSpeech.framework */; settings = {ATTRIBUTES = (Required, ); }; };
		158E4BF42291370C00E7FCCC /* AudioToolbox.framework in Frameworks */ = {isa = PBXBuildFile; fileRef = 158E4BF32291370C00E7FCCC /* AudioToolbox.framework */; };
		158E4BF62291371D00E7FCCC /* libiconv.tbd in Frameworks */ = {isa = PBXBuildFile; fileRef = 158E4BF52291371D00E7FCCC /* libiconv.tbd */; };
		158E4BF82291372700E7FCCC /* libc++.tbd in Frameworks */ = {isa = PBXBuildFile; fileRef = 158E4BF72291372700E7FCCC /* libc++.tbd */; };
		158E4BFA22913A8500E7FCCC /* CoreGraphics.framework in Frameworks */ = {isa = PBXBuildFile; fileRef = 158E4BF922913A8500E7FCCC /* CoreGraphics.framework */; };
		158E4BFC22913A8D00E7FCCC /* QuartzCore.framework in Frameworks */ = {isa = PBXBuildFile; fileRef = 158E4BFB22913A8D00E7FCCC /* QuartzCore.framework */; };
		158E4BFE22913AE300E7FCCC /* KakaoNewtoneSpeechResources.bundle in Resources */ = {isa = PBXBuildFile; fileRef = 158E4BFD22913AE300E7FCCC /* KakaoNewtoneSpeechResources.bundle */; };
		158E4C0022913B3800E7FCCC /* SpeechRecognizerDefault.strings in Resources */ = {isa = PBXBuildFile; fileRef = 158E4BFF22913B3800E7FCCC /* SpeechRecognizerDefault.strings */; };
		5B749861625EB18BEBC079C7 /* Pods_KiWar.framework in Frameworks */ = {isa = PBXBuildFile; fileRef = 96213589BB9C23410DBE56FB /* Pods_KiWar.framework */; };
/* End PBXBuildFile section */

/* Begin PBXFileReference section */
		150547F6223E7CAF005851FC /* ARScanViewController.swift */ = {isa = PBXFileReference; lastKnownFileType = sourcecode.swift; path = ARScanViewController.swift; sourceTree = "<group>"; };
		152B27E1227EFD74008C9609 /* FindGameViewController.swift */ = {isa = PBXFileReference; lastKnownFileType = sourcecode.swift; path = FindGameViewController.swift; sourceTree = "<group>"; };
		152B27E3227EFD80008C9609 /* CatchGameViewController.swift */ = {isa = PBXFileReference; lastKnownFileType = sourcecode.swift; path = CatchGameViewController.swift; sourceTree = "<group>"; };
		1552BC10223E316A00D343ED /* KiWar.app */ = {isa = PBXFileReference; explicitFileType = wrapper.application; includeInIndex = 0; path = KiWar.app; sourceTree = BUILT_PRODUCTS_DIR; };
		1552BC13223E316A00D343ED /* AppDelegate.swift */ = {isa = PBXFileReference; lastKnownFileType = sourcecode.swift; path = AppDelegate.swift; sourceTree = "<group>"; };
		1552BC15223E316A00D343ED /* art.scnassets */ = {isa = PBXFileReference; lastKnownFileType = wrapper.scnassets; path = art.scnassets; sourceTree = "<group>"; };
		1552BC17223E316A00D343ED /* ViewController.swift */ = {isa = PBXFileReference; lastKnownFileType = sourcecode.swift; path = ViewController.swift; sourceTree = "<group>"; };
		1552BC1A223E316A00D343ED /* Base */ = {isa = PBXFileReference; lastKnownFileType = file.storyboard; name = Base; path = Base.lproj/Main.storyboard; sourceTree = "<group>"; };
		1552BC1C223E316B00D343ED /* Assets.xcassets */ = {isa = PBXFileReference; lastKnownFileType = folder.assetcatalog; path = Assets.xcassets; sourceTree = "<group>"; };
		1552BC1F223E316B00D343ED /* Base */ = {isa = PBXFileReference; lastKnownFileType = file.storyboard; name = Base; path = Base.lproj/LaunchScreen.storyboard; sourceTree = "<group>"; };
		1552BC21223E316B00D343ED /* Info.plist */ = {isa = PBXFileReference; lastKnownFileType = text.plist.xml; path = Info.plist; sourceTree = "<group>"; };
		1552BC27223E31A300D343ED /* MainViewController.swift */ = {isa = PBXFileReference; lastKnownFileType = sourcecode.swift; path = MainViewController.swift; sourceTree = "<group>"; };
		1552BC2A223E33B300D343ED /* StudyViewController.swift */ = {isa = PBXFileReference; lastKnownFileType = sourcecode.swift; path = StudyViewController.swift; sourceTree = "<group>"; };
		1552BC2C223E33C200D343ED /* PlayViewController.swift */ = {isa = PBXFileReference; lastKnownFileType = sourcecode.swift; path = PlayViewController.swift; sourceTree = "<group>"; };
		1552BC2E223E33D500D343ED /* DecoViewController.swift */ = {isa = PBXFileReference; lastKnownFileType = sourcecode.swift; path = DecoViewController.swift; sourceTree = "<group>"; };
		1552BC30223E33E100D343ED /* DictViewController.swift */ = {isa = PBXFileReference; lastKnownFileType = sourcecode.swift; path = DictViewController.swift; sourceTree = "<group>"; };
		1552BC32223E37ED00D343ED /* WordCardViewController.swift */ = {isa = PBXFileReference; lastKnownFileType = sourcecode.swift; path = WordCardViewController.swift; sourceTree = "<group>"; };
		1552BC38223E385C00D343ED /* Extension.swift */ = {isa = PBXFileReference; lastKnownFileType = sourcecode.swift; path = Extension.swift; sourceTree = "<group>"; };
		1552BC3A223E39C200D343ED /* WordCardCollectionViewCell.swift */ = {isa = PBXFileReference; lastKnownFileType = sourcecode.swift; path = WordCardCollectionViewCell.swift; sourceTree = "<group>"; };
		1552BC48223E647D00D343ED /* Word.swift */ = {isa = PBXFileReference; lastKnownFileType = sourcecode.swift; path = Word.swift; sourceTree = "<group>"; };
		158E4BEF22912B4900E7FCCC /* KakaoCommon.framework */ = {isa = PBXFileReference; lastKnownFileType = wrapper.framework; path = KakaoCommon.framework; sourceTree = "<group>"; };
		158E4BF12291343100E7FCCC /* KakaoNewtoneSpeech.framework */ = {isa = PBXFileReference; lastKnownFileType = wrapper.framework; path = KakaoNewtoneSpeech.framework; sourceTree = "<group>"; };
		158E4BF32291370C00E7FCCC /* AudioToolbox.framework */ = {isa = PBXFileReference; lastKnownFileType = wrapper.framework; name = AudioToolbox.framework; path = System/Library/Frameworks/AudioToolbox.framework; sourceTree = SDKROOT; };
		158E4BF52291371D00E7FCCC /* libiconv.tbd */ = {isa = PBXFileReference; lastKnownFileType = "sourcecode.text-based-dylib-definition"; name = libiconv.tbd; path = usr/lib/libiconv.tbd; sourceTree = SDKROOT; };
		158E4BF72291372700E7FCCC /* libc++.tbd */ = {isa = PBXFileReference; lastKnownFileType = "sourcecode.text-based-dylib-definition"; name = "libc++.tbd"; path = "usr/lib/libc++.tbd"; sourceTree = SDKROOT; };
		158E4BF922913A8500E7FCCC /* CoreGraphics.framework */ = {isa = PBXFileReference; lastKnownFileType = wrapper.framework; name = CoreGraphics.framework; path = System/Library/Frameworks/CoreGraphics.framework; sourceTree = SDKROOT; };
		158E4BFB22913A8D00E7FCCC /* QuartzCore.framework */ = {isa = PBXFileReference; lastKnownFileType = wrapper.framework; name = QuartzCore.framework; path = System/Library/Frameworks/QuartzCore.framework; sourceTree = SDKROOT; };
		158E4BFD22913AE300E7FCCC /* KakaoNewtoneSpeechResources.bundle */ = {isa = PBXFileReference; lastKnownFileType = "wrapper.plug-in"; path = KakaoNewtoneSpeechResources.bundle; sourceTree = "<group>"; };
		158E4BFF22913B3800E7FCCC /* SpeechRecognizerDefault.strings */ = {isa = PBXFileReference; lastKnownFileType = text.plist.strings; path = SpeechRecognizerDefault.strings; sourceTree = "<group>"; };
		96213589BB9C23410DBE56FB /* Pods_KiWar.framework */ = {isa = PBXFileReference; explicitFileType = wrapper.framework; includeInIndex = 0; path = Pods_KiWar.framework; sourceTree = BUILT_PRODUCTS_DIR; };
		CFD83CB8F0123A0FFFE2EA36 /* Pods-KiWar.debug.xcconfig */ = {isa = PBXFileReference; includeInIndex = 1; lastKnownFileType = text.xcconfig; name = "Pods-KiWar.debug.xcconfig"; path = "Pods/Target Support Files/Pods-KiWar/Pods-KiWar.debug.xcconfig"; sourceTree = "<group>"; };
		E42177C0A61559F9235C2943 /* Pods-KiWar.release.xcconfig */ = {isa = PBXFileReference; includeInIndex = 1; lastKnownFileType = text.xcconfig; name = "Pods-KiWar.release.xcconfig"; path = "Pods/Target Support Files/Pods-KiWar/Pods-KiWar.release.xcconfig"; sourceTree = "<group>"; };
/* End PBXFileReference section */

/* Begin PBXFrameworksBuildPhase section */
		1552BC0D223E316900D343ED /* Frameworks */ = {
			isa = PBXFrameworksBuildPhase;
			buildActionMask = 2147483647;
			files = (
				158E4BFC22913A8D00E7FCCC /* QuartzCore.framework in Frameworks */,
				158E4BFA22913A8500E7FCCC /* CoreGraphics.framework in Frameworks */,
				158E4BF82291372700E7FCCC /* libc++.tbd in Frameworks */,
				158E4BF62291371D00E7FCCC /* libiconv.tbd in Frameworks */,
				158E4BF42291370C00E7FCCC /* AudioToolbox.framework in Frameworks */,
				5B749861625EB18BEBC079C7 /* Pods_KiWar.framework in Frameworks */,
				158E4BF022912B4900E7FCCC /* KakaoCommon.framework in Frameworks */,
				158E4BF22291343100E7FCCC /* KakaoNewtoneSpeech.framework in Frameworks */,
			);
			runOnlyForDeploymentPostprocessing = 0;
		};
/* End PBXFrameworksBuildPhase section */

/* Begin PBXGroup section */
		1552BC07223E316900D343ED = {
			isa = PBXGroup;
			children = (
				158E4BFF22913B3800E7FCCC /* SpeechRecognizerDefault.strings */,
				158E4BFD22913AE300E7FCCC /* KakaoNewtoneSpeechResources.bundle */,
				1552BC12223E316A00D343ED /* KiWar */,
				1552BC11223E316A00D343ED /* Products */,
				3ECCD72806DFDE62D9B40FF1 /* Pods */,
				718940C32738DEBAE88D025F /* Frameworks */,
			);
			sourceTree = "<group>";
		};
		1552BC11223E316A00D343ED /* Products */ = {
			isa = PBXGroup;
			children = (
				1552BC10223E316A00D343ED /* KiWar.app */,
			);
			name = Products;
			sourceTree = "<group>";
		};
		1552BC12223E316A00D343ED /* KiWar */ = {
			isa = PBXGroup;
			children = (
				158E4BF12291343100E7FCCC /* KakaoNewtoneSpeech.framework */,
				158E4BEF22912B4900E7FCCC /* KakaoCommon.framework */,
				1552BC47223E645A00D343ED /* Model */,
				1552BC29223E339400D343ED /* ViewController */,
				1552BC13223E316A00D343ED /* AppDelegate.swift */,
				1552BC19223E316A00D343ED /* Main.storyboard */,
				1552BC15223E316A00D343ED /* art.scnassets */,
				1552BC1C223E316B00D343ED /* Assets.xcassets */,
				1552BC1E223E316B00D343ED /* LaunchScreen.storyboard */,
				1552BC21223E316B00D343ED /* Info.plist */,
				1552BC38223E385C00D343ED /* Extension.swift */,
			);
			path = KiWar;
			sourceTree = "<group>";
		};
		1552BC29223E339400D343ED /* ViewController */ = {
			isa = PBXGroup;
			children = (
				1552BC34223E37F800D343ED /* Study */,
				1552BC35223E380500D343ED /* Play */,
				1552BC37223E381300D343ED /* Deco */,
				1552BC36223E380E00D343ED /* Dict */,
				1552BC27223E31A300D343ED /* MainViewController.swift */,
			);
			path = ViewController;
			sourceTree = "<group>";
		};
		1552BC34223E37F800D343ED /* Study */ = {
			isa = PBXGroup;
			children = (
				1552BC2A223E33B300D343ED /* StudyViewController.swift */,
				1552BC32223E37ED00D343ED /* WordCardViewController.swift */,
				1552BC3A223E39C200D343ED /* WordCardCollectionViewCell.swift */,
				150547F6223E7CAF005851FC /* ARScanViewController.swift */,
				1552BC17223E316A00D343ED /* ViewController.swift */,
			);
			path = Study;
			sourceTree = "<group>";
		};
		1552BC35223E380500D343ED /* Play */ = {
			isa = PBXGroup;
			children = (
				1552BC2C223E33C200D343ED /* PlayViewController.swift */,
				152B27E1227EFD74008C9609 /* FindGameViewController.swift */,
				152B27E3227EFD80008C9609 /* CatchGameViewController.swift */,
			);
			path = Play;
			sourceTree = "<group>";
		};
		1552BC36223E380E00D343ED /* Dict */ = {
			isa = PBXGroup;
			children = (
				1552BC30223E33E100D343ED /* DictViewController.swift */,
			);
			path = Dict;
			sourceTree = "<group>";
		};
		1552BC37223E381300D343ED /* Deco */ = {
			isa = PBXGroup;
			children = (
				1552BC2E223E33D500D343ED /* DecoViewController.swift */,
			);
			path = Deco;
			sourceTree = "<group>";
		};
		1552BC47223E645A00D343ED /* Model */ = {
			isa = PBXGroup;
			children = (
				1552BC48223E647D00D343ED /* Word.swift */,
			);
			path = Model;
			sourceTree = "<group>";
		};
		3ECCD72806DFDE62D9B40FF1 /* Pods */ = {
			isa = PBXGroup;
			children = (
				CFD83CB8F0123A0FFFE2EA36 /* Pods-KiWar.debug.xcconfig */,
				E42177C0A61559F9235C2943 /* Pods-KiWar.release.xcconfig */,
			);
			name = Pods;
			sourceTree = "<group>";
		};
		718940C32738DEBAE88D025F /* Frameworks */ = {
			isa = PBXGroup;
			children = (
				158E4BFB22913A8D00E7FCCC /* QuartzCore.framework */,
				158E4BF922913A8500E7FCCC /* CoreGraphics.framework */,
				158E4BF72291372700E7FCCC /* libc++.tbd */,
				158E4BF52291371D00E7FCCC /* libiconv.tbd */,
				158E4BF32291370C00E7FCCC /* AudioToolbox.framework */,
				96213589BB9C23410DBE56FB /* Pods_KiWar.framework */,
			);
			name = Frameworks;
			sourceTree = "<group>";
		};
/* End PBXGroup section */

/* Begin PBXNativeTarget section */
		1552BC0F223E316900D343ED /* KiWar */ = {
			isa = PBXNativeTarget;
			buildConfigurationList = 1552BC24223E316B00D343ED /* Build configuration list for PBXNativeTarget "KiWar" */;
			buildPhases = (
				C449B09B2A1B322402D06143 /* [CP] Check Pods Manifest.lock */,
				1552BC0C223E316900D343ED /* Sources */,
				1552BC0D223E316900D343ED /* Frameworks */,
				1552BC0E223E316900D343ED /* Resources */,
				094B8547591C80D9810F3D26 /* [CP] Embed Pods Frameworks */,
			);
			buildRules = (
			);
			dependencies = (
			);
			name = KiWar;
			productName = KiWar;
			productReference = 1552BC10223E316A00D343ED /* KiWar.app */;
			productType = "com.apple.product-type.application";
		};
/* End PBXNativeTarget section */

/* Begin PBXProject section */
		1552BC08223E316900D343ED /* Project object */ = {
			isa = PBXProject;
			attributes = {
				LastSwiftUpdateCheck = 1010;
				LastUpgradeCheck = 1010;
				ORGANIZATIONNAME = "장용범";
				TargetAttributes = {
					1552BC0F223E316900D343ED = {
						CreatedOnToolsVersion = 10.1;
					};
				};
			};
			buildConfigurationList = 1552BC0B223E316900D343ED /* Build configuration list for PBXProject "KiWar" */;
			compatibilityVersion = "Xcode 9.3";
			developmentRegion = en;
			hasScannedForEncodings = 0;
			knownRegions = (
				en,
				Base,
			);
			mainGroup = 1552BC07223E316900D343ED;
			productRefGroup = 1552BC11223E316A00D343ED /* Products */;
			projectDirPath = "";
			projectRoot = "";
			targets = (
				1552BC0F223E316900D343ED /* KiWar */,
			);
		};
/* End PBXProject section */

/* Begin PBXResourcesBuildPhase section */
		1552BC0E223E316900D343ED /* Resources */ = {
			isa = PBXResourcesBuildPhase;
			buildActionMask = 2147483647;
			files = (
				158E4C0022913B3800E7FCCC /* SpeechRecognizerDefault.strings in Resources */,
				158E4BFE22913AE300E7FCCC /* KakaoNewtoneSpeechResources.bundle in Resources */,
				1552BC16223E316A00D343ED /* art.scnassets in Resources */,
				1552BC20223E316B00D343ED /* LaunchScreen.storyboard in Resources */,
				1552BC1D223E316B00D343ED /* Assets.xcassets in Resources */,
				1552BC1B223E316A00D343ED /* Main.storyboard in Resources */,
			);
			runOnlyForDeploymentPostprocessing = 0;
		};
/* End PBXResourcesBuildPhase section */

/* Begin PBXShellScriptBuildPhase section */
		094B8547591C80D9810F3D26 /* [CP] Embed Pods Frameworks */ = {
			isa = PBXShellScriptBuildPhase;
			buildActionMask = 2147483647;
			files = (
			);
			inputFileListPaths = (
			);
			inputPaths = (
				"${SRCROOT}/Pods/Target Support Files/Pods-KiWar/Pods-KiWar-frameworks.sh",
				"${BUILT_PRODUCTS_DIR}/ColorSlider/ColorSlider.framework",
				"${BUILT_PRODUCTS_DIR}/Each/Each.framework",
			);
			name = "[CP] Embed Pods Frameworks";
			outputFileListPaths = (
			);
			outputPaths = (
				"${TARGET_BUILD_DIR}/${FRAMEWORKS_FOLDER_PATH}/ColorSlider.framework",
				"${TARGET_BUILD_DIR}/${FRAMEWORKS_FOLDER_PATH}/Each.framework",
			);
			runOnlyForDeploymentPostprocessing = 0;
			shellPath = /bin/sh;
			shellScript = "\"${SRCROOT}/Pods/Target Support Files/Pods-KiWar/Pods-KiWar-frameworks.sh\"\n";
			showEnvVarsInLog = 0;
		};
		C449B09B2A1B322402D06143 /* [CP] Check Pods Manifest.lock */ = {
			isa = PBXShellScriptBuildPhase;
			buildActionMask = 2147483647;
			files = (
			);
			inputFileListPaths = (
			);
			inputPaths = (
				"${PODS_PODFILE_DIR_PATH}/Podfile.lock",
				"${PODS_ROOT}/Manifest.lock",
			);
			name = "[CP] Check Pods Manifest.lock";
			outputFileListPaths = (
			);
			outputPaths = (
				"$(DERIVED_FILE_DIR)/Pods-KiWar-checkManifestLockResult.txt",
			);
			runOnlyForDeploymentPostprocessing = 0;
			shellPath = /bin/sh;
			shellScript = "diff \"${PODS_PODFILE_DIR_PATH}/Podfile.lock\" \"${PODS_ROOT}/Manifest.lock\" > /dev/null\nif [ $? != 0 ] ; then\n    # print error to STDERR\n    echo \"error: The sandbox is not in sync with the Podfile.lock. Run 'pod install' or update your CocoaPods installation.\" >&2\n    exit 1\nfi\n# This output is used by Xcode 'outputs' to avoid re-running this script phase.\necho \"SUCCESS\" > \"${SCRIPT_OUTPUT_FILE_0}\"\n";
			showEnvVarsInLog = 0;
		};
/* End PBXShellScriptBuildPhase section */

/* Begin PBXSourcesBuildPhase section */
		1552BC0C223E316900D343ED /* Sources */ = {
			isa = PBXSourcesBuildPhase;
			buildActionMask = 2147483647;
			files = (
				150547F7223E7CAF005851FC /* ARScanViewController.swift in Sources */,
				1552BC3B223E39C200D343ED /* WordCardCollectionViewCell.swift in Sources */,
				152B27E2227EFD74008C9609 /* FindGameViewController.swift in Sources */,
				1552BC39223E385C00D343ED /* Extension.swift in Sources */,
				1552BC2D223E33C200D343ED /* PlayViewController.swift in Sources */,
				1552BC31223E33E100D343ED /* DictViewController.swift in Sources */,
				1552BC2F223E33D500D343ED /* DecoViewController.swift in Sources */,
				1552BC28223E31A300D343ED /* MainViewController.swift in Sources */,
				1552BC49223E647D00D343ED /* Word.swift in Sources */,
				1552BC33223E37ED00D343ED /* WordCardViewController.swift in Sources */,
				1552BC2B223E33B300D343ED /* StudyViewController.swift in Sources */,
				1552BC18223E316A00D343ED /* ViewController.swift in Sources */,
				152B27E4227EFD80008C9609 /* CatchGameViewController.swift in Sources */,
				1552BC14223E316A00D343ED /* AppDelegate.swift in Sources */,
			);
			runOnlyForDeploymentPostprocessing = 0;
		};
/* End PBXSourcesBuildPhase section */

/* Begin PBXVariantGroup section */
		1552BC19223E316A00D343ED /* Main.storyboard */ = {
			isa = PBXVariantGroup;
			children = (
				1552BC1A223E316A00D343ED /* Base */,
			);
			name = Main.storyboard;
			sourceTree = "<group>";
		};
		1552BC1E223E316B00D343ED /* LaunchScreen.storyboard */ = {
			isa = PBXVariantGroup;
			children = (
				1552BC1F223E316B00D343ED /* Base */,
			);
			name = LaunchScreen.storyboard;
			sourceTree = "<group>";
		};
/* End PBXVariantGroup section */

/* Begin XCBuildConfiguration section */
		1552BC22223E316B00D343ED /* Debug */ = {
			isa = XCBuildConfiguration;
			buildSettings = {
				ALWAYS_SEARCH_USER_PATHS = NO;
				CLANG_ANALYZER_NONNULL = YES;
				CLANG_ANALYZER_NUMBER_OBJECT_CONVERSION = YES_AGGRESSIVE;
				CLANG_CXX_LANGUAGE_STANDARD = "gnu++14";
				CLANG_CXX_LIBRARY = "libc++";
				CLANG_ENABLE_MODULES = YES;
				CLANG_ENABLE_OBJC_ARC = YES;
				CLANG_ENABLE_OBJC_WEAK = YES;
				CLANG_WARN_BLOCK_CAPTURE_AUTORELEASING = YES;
				CLANG_WARN_BOOL_CONVERSION = YES;
				CLANG_WARN_COMMA = YES;
				CLANG_WARN_CONSTANT_CONVERSION = YES;
				CLANG_WARN_DEPRECATED_OBJC_IMPLEMENTATIONS = YES;
				CLANG_WARN_DIRECT_OBJC_ISA_USAGE = YES_ERROR;
				CLANG_WARN_DOCUMENTATION_COMMENTS = YES;
				CLANG_WARN_EMPTY_BODY = YES;
				CLANG_WARN_ENUM_CONVERSION = YES;
				CLANG_WARN_INFINITE_RECURSION = YES;
				CLANG_WARN_INT_CONVERSION = YES;
				CLANG_WARN_NON_LITERAL_NULL_CONVERSION = YES;
				CLANG_WARN_OBJC_IMPLICIT_RETAIN_SELF = YES;
				CLANG_WARN_OBJC_LITERAL_CONVERSION = YES;
				CLANG_WARN_OBJC_ROOT_CLASS = YES_ERROR;
				CLANG_WARN_RANGE_LOOP_ANALYSIS = YES;
				CLANG_WARN_STRICT_PROTOTYPES = YES;
				CLANG_WARN_SUSPICIOUS_MOVE = YES;
				CLANG_WARN_UNGUARDED_AVAILABILITY = YES_AGGRESSIVE;
				CLANG_WARN_UNREACHABLE_CODE = YES;
				CLANG_WARN__DUPLICATE_METHOD_MATCH = YES;
				CODE_SIGN_IDENTITY = "iPhone Developer";
				COPY_PHASE_STRIP = NO;
				DEBUG_INFORMATION_FORMAT = dwarf;
				ENABLE_STRICT_OBJC_MSGSEND = YES;
				ENABLE_TESTABILITY = YES;
				GCC_C_LANGUAGE_STANDARD = gnu11;
				GCC_DYNAMIC_NO_PIC = NO;
				GCC_NO_COMMON_BLOCKS = YES;
				GCC_OPTIMIZATION_LEVEL = 0;
				GCC_PREPROCESSOR_DEFINITIONS = (
					"DEBUG=1",
					"$(inherited)",
				);
				GCC_WARN_64_TO_32_BIT_CONVERSION = YES;
				GCC_WARN_ABOUT_RETURN_TYPE = YES_ERROR;
				GCC_WARN_UNDECLARED_SELECTOR = YES;
				GCC_WARN_UNINITIALIZED_AUTOS = YES_AGGRESSIVE;
				GCC_WARN_UNUSED_FUNCTION = YES;
				GCC_WARN_UNUSED_VARIABLE = YES;
				IPHONEOS_DEPLOYMENT_TARGET = 12.1;
				MTL_ENABLE_DEBUG_INFO = INCLUDE_SOURCE;
				MTL_FAST_MATH = YES;
				ONLY_ACTIVE_ARCH = YES;
				SDKROOT = iphoneos;
				SWIFT_ACTIVE_COMPILATION_CONDITIONS = DEBUG;
				SWIFT_OPTIMIZATION_LEVEL = "-Onone";
			};
			name = Debug;
		};
		1552BC23223E316B00D343ED /* Release */ = {
			isa = XCBuildConfiguration;
			buildSettings = {
				ALWAYS_SEARCH_USER_PATHS = NO;
				CLANG_ANALYZER_NONNULL = YES;
				CLANG_ANALYZER_NUMBER_OBJECT_CONVERSION = YES_AGGRESSIVE;
				CLANG_CXX_LANGUAGE_STANDARD = "gnu++14";
				CLANG_CXX_LIBRARY = "libc++";
				CLANG_ENABLE_MODULES = YES;
				CLANG_ENABLE_OBJC_ARC = YES;
				CLANG_ENABLE_OBJC_WEAK = YES;
				CLANG_WARN_BLOCK_CAPTURE_AUTORELEASING = YES;
				CLANG_WARN_BOOL_CONVERSION = YES;
				CLANG_WARN_COMMA = YES;
				CLANG_WARN_CONSTANT_CONVERSION = YES;
				CLANG_WARN_DEPRECATED_OBJC_IMPLEMENTATIONS = YES;
				CLANG_WARN_DIRECT_OBJC_ISA_USAGE = YES_ERROR;
				CLANG_WARN_DOCUMENTATION_COMMENTS = YES;
				CLANG_WARN_EMPTY_BODY = YES;
				CLANG_WARN_ENUM_CONVERSION = YES;
				CLANG_WARN_INFINITE_RECURSION = YES;
				CLANG_WARN_INT_CONVERSION = YES;
				CLANG_WARN_NON_LITERAL_NULL_CONVERSION = YES;
				CLANG_WARN_OBJC_IMPLICIT_RETAIN_SELF = YES;
				CLANG_WARN_OBJC_LITERAL_CONVERSION = YES;
				CLANG_WARN_OBJC_ROOT_CLASS = YES_ERROR;
				CLANG_WARN_RANGE_LOOP_ANALYSIS = YES;
				CLANG_WARN_STRICT_PROTOTYPES = YES;
				CLANG_WARN_SUSPICIOUS_MOVE = YES;
				CLANG_WARN_UNGUARDED_AVAILABILITY = YES_AGGRESSIVE;
				CLANG_WARN_UNREACHABLE_CODE = YES;
				CLANG_WARN__DUPLICATE_METHOD_MATCH = YES;
				CODE_SIGN_IDENTITY = "iPhone Developer";
				COPY_PHASE_STRIP = NO;
				DEBUG_INFORMATION_FORMAT = "dwarf-with-dsym";
				ENABLE_NS_ASSERTIONS = NO;
				ENABLE_STRICT_OBJC_MSGSEND = YES;
				GCC_C_LANGUAGE_STANDARD = gnu11;
				GCC_NO_COMMON_BLOCKS = YES;
				GCC_WARN_64_TO_32_BIT_CONVERSION = YES;
				GCC_WARN_ABOUT_RETURN_TYPE = YES_ERROR;
				GCC_WARN_UNDECLARED_SELECTOR = YES;
				GCC_WARN_UNINITIALIZED_AUTOS = YES_AGGRESSIVE;
				GCC_WARN_UNUSED_FUNCTION = YES;
				GCC_WARN_UNUSED_VARIABLE = YES;
				IPHONEOS_DEPLOYMENT_TARGET = 12.1;
				MTL_ENABLE_DEBUG_INFO = NO;
				MTL_FAST_MATH = YES;
				SDKROOT = iphoneos;
				SWIFT_COMPILATION_MODE = wholemodule;
				SWIFT_OPTIMIZATION_LEVEL = "-O";
				VALIDATE_PRODUCT = YES;
			};
			name = Release;
		};
		1552BC25223E316B00D343ED /* Debug */ = {
			isa = XCBuildConfiguration;
			baseConfigurationReference = CFD83CB8F0123A0FFFE2EA36 /* Pods-KiWar.debug.xcconfig */;
			buildSettings = {
				ASSETCATALOG_COMPILER_APPICON_NAME = AppIcon;
				CODE_SIGN_STYLE = Automatic;
				DEVELOPMENT_TEAM = BCT9Z76PB5;
				FRAMEWORK_SEARCH_PATHS = (
					"$(inherited)",
					"$(PROJECT_DIR)/KiWar",
				);
				INFOPLIST_FILE = KiWar/Info.plist;
				LD_RUNPATH_SEARCH_PATHS = (
					"$(inherited)",
					"@executable_path/Frameworks",
				);
				PRODUCT_BUNDLE_IDENTIFIER = com.yong.KiWar;
				PRODUCT_NAME = "$(TARGET_NAME)";
				SWIFT_VERSION = 4.2;
				TARGETED_DEVICE_FAMILY = "1,2";
			};
			name = Debug;
		};
		1552BC26223E316B00D343ED /* Release */ = {
			isa = XCBuildConfiguration;
			baseConfigurationReference = E42177C0A61559F9235C2943 /* Pods-KiWar.release.xcconfig */;
			buildSettings = {
				ASSETCATALOG_COMPILER_APPICON_NAME = AppIcon;
				CODE_SIGN_STYLE = Automatic;
				DEVELOPMENT_TEAM = BCT9Z76PB5;
				FRAMEWORK_SEARCH_PATHS = (
					"$(inherited)",
					"$(PROJECT_DIR)/KiWar",
				);
				INFOPLIST_FILE = KiWar/Info.plist;
				LD_RUNPATH_SEARCH_PATHS = (
					"$(inherited)",
					"@executable_path/Frameworks",
				);
				PRODUCT_BUNDLE_IDENTIFIER = com.yong.KiWar;
				PRODUCT_NAME = "$(TARGET_NAME)";
				SWIFT_VERSION = 4.2;
				TARGETED_DEVICE_FAMILY = "1,2";
			};
			name = Release;
		};
/* End XCBuildConfiguration section */

/* Begin XCConfigurationList section */
		1552BC0B223E316900D343ED /* Build configuration list for PBXProject "KiWar" */ = {
			isa = XCConfigurationList;
			buildConfigurations = (
				1552BC22223E316B00D343ED /* Debug */,
				1552BC23223E316B00D343ED /* Release */,
			);
			defaultConfigurationIsVisible = 0;
			defaultConfigurationName = Release;
		};
		1552BC24223E316B00D343ED /* Build configuration list for PBXNativeTarget "KiWar" */ = {
			isa = XCConfigurationList;
			buildConfigurations = (
				1552BC25223E316B00D343ED /* Debug */,
				1552BC26223E316B00D343ED /* Release */,
			);
			defaultConfigurationIsVisible = 0;
			defaultConfigurationName = Release;
		};
/* End XCConfigurationList section */
	};
	rootObject = 1552BC08223E316900D343ED /* Project object */;
}
